Microsoft Visual Studio Solution File, Format Version 12.00
# Visual Studio Version 17
VisualStudioVersion = 17.13.35931.197
MinimumVisualStudioVersion = 10.0.40219.1
Project("{FAE04EC0-301F-11D3-BF4B-00C04F79EFBC}") = "Sahabat Accu 1", "Sahabat Accu 1\Sahabat Accu 1.csproj", "{1302C7B8-E581-49DB-AD3D-1196FE8748A2}"
EndProject
Global
	GlobalSection(SolutionConfigurationPlatforms) = preSolution
		Debug|Any CPU = Debug|Any CPU
		Release|Any CPU = Release|Any CPU
	EndGlobalSection
	GlobalSection(ProjectConfigurationPlatforms) = postSolution
		{1302C7B8-E581-49DB-AD3D-1196FE8748A2}.Debug|Any CPU.ActiveCfg = Debug|Any CPU
		{1302C7B8-E581-49DB-AD3D-1196FE8748A2}.Debug|Any CPU.Build.0 = Debug|Any CPU
		{1302C7B8-E581-49DB-AD3D-1196FE8748A2}.Release|Any CPU.ActiveCfg = Release|Any CPU
		{1302C7B8-E581-49DB-AD3D-1196FE8748A2}.Release|Any CPU.Build.0 = Release|Any CPU
	EndGlobalSection
	GlobalSection(SolutionProperties) = preSolution
		HideSolutionNode = FALSE
	EndGlobalSection
	GlobalSection(ExtensibilityGlobals) = postSolution
		SolutionGuid = {824BA2CD-12B0-453D-83D4-0B5618ED0D3A}
	EndGlobalSection
EndGlobal
